
Microsoft Visual Studio Solution File, Format Version 12.00
# Visual Studio 2012
Project("{2150E333-8FDC-42A3-9474-1A3956D46DE8}") = "EntityFramework", "EntityFramework", "{08959DD5-D243-49A4-9266-7100D204D141}"
EndProject
Project("{2150E333-8FDC-42A3-9474-1A3956D46DE8}") = "DatabaseFirst", "DatabaseFirst", "{62EF6FFC-17C7-4B1A-ADED-0293583793E2}"
EndProject
Project("{2150E333-8FDC-42A3-9474-1A3956D46DE8}") = "QueryExcercises", "QueryExcercises", "{14A12DA0-B91B-4321-BCC5-B605BDC3BA6C}"
EndProject
Project("{FAE04EC0-301F-11D3-BF4B-00C04F79EFBC}") = "QueryExcercises.DataAccessLayer", "QueryExcercises.DataAccessLayer\QueryExcercises.DataAccessLayer.csproj", "{0E18F98D-E60D-47FF-80F4-7C5385CEFC3F}"
EndProject
Project("{FAE04EC0-301F-11D3-BF4B-00C04F79EFBC}") = "QueryExcercises.Tests", "QueryExcercises.Tests\QueryExcercises.Tests.csproj", "{9428A986-FF8E-42A2-AB02-751E6280372C}"
EndProject
Project("{2150E333-8FDC-42A3-9474-1A3956D46DE8}") = "LINQ", "LINQ", "{99CD0F22-CBAC-477D-9B19-6893862EE404}"
EndProject
Project("{2150E333-8FDC-42A3-9474-1A3956D46DE8}") = "ToObjects", "ToObjects", "{E1FC5961-AF63-4700-8E27-9CE70F4B094C}"
EndProject
Project("{2150E333-8FDC-42A3-9474-1A3956D46DE8}") = "ToSQL", "ToSQL", "{771CB603-4A1A-4D78-AC99-6FC48CDB0AE1}"
EndProject
Project("{2150E333-8FDC-42A3-9474-1A3956D46DE8}") = "ToXML", "ToXML", "{361F65E2-D8CA-4714-AAA9-53A4BF11FCA0}"
EndProject
Project("{2150E333-8FDC-42A3-9474-1A3956D46DE8}") = "PLINQ", "PLINQ", "{4DAB0D8A-1BCA-4177-8BCD-58F261E9A2CB}"
EndProject
Project("{FAE04EC0-301F-11D3-BF4B-00C04F79EFBC}") = "PLINQ.Queries", "PLINQ.Queries\PLINQ.Queries.csproj", "{044D7DA1-64DC-4F1D-BF96-AB35B3A65346}"
EndProject
Project("{FAE04EC0-301F-11D3-BF4B-00C04F79EFBC}") = "PLINQ.Tests", "PLINQ.Tests\PLINQ.Tests.csproj", "{ADEC6E70-E1FA-4464-8180-319C7611706E}"
EndProject
Global
	GlobalSection(SolutionConfigurationPlatforms) = preSolution
		Debug|Any CPU = Debug|Any CPU
		Release|Any CPU = Release|Any CPU
	EndGlobalSection
	GlobalSection(ProjectConfigurationPlatforms) = postSolution
		{0E18F98D-E60D-47FF-80F4-7C5385CEFC3F}.Debug|Any CPU.ActiveCfg = Debug|Any CPU
		{0E18F98D-E60D-47FF-80F4-7C5385CEFC3F}.Debug|Any CPU.Build.0 = Debug|Any CPU
		{0E18F98D-E60D-47FF-80F4-7C5385CEFC3F}.Release|Any CPU.ActiveCfg = Release|Any CPU
		{0E18F98D-E60D-47FF-80F4-7C5385CEFC3F}.Release|Any CPU.Build.0 = Release|Any CPU
		{9428A986-FF8E-42A2-AB02-751E6280372C}.Debug|Any CPU.ActiveCfg = Debug|Any CPU
		{9428A986-FF8E-42A2-AB02-751E6280372C}.Debug|Any CPU.Build.0 = Debug|Any CPU
		{9428A986-FF8E-42A2-AB02-751E6280372C}.Release|Any CPU.ActiveCfg = Release|Any CPU
		{9428A986-FF8E-42A2-AB02-751E6280372C}.Release|Any CPU.Build.0 = Release|Any CPU
		{044D7DA1-64DC-4F1D-BF96-AB35B3A65346}.Debug|Any CPU.ActiveCfg = Debug|Any CPU
		{044D7DA1-64DC-4F1D-BF96-AB35B3A65346}.Debug|Any CPU.Build.0 = Debug|Any CPU
		{044D7DA1-64DC-4F1D-BF96-AB35B3A65346}.Release|Any CPU.ActiveCfg = Release|Any CPU
		{044D7DA1-64DC-4F1D-BF96-AB35B3A65346}.Release|Any CPU.Build.0 = Release|Any CPU
		{ADEC6E70-E1FA-4464-8180-319C7611706E}.Debug|Any CPU.ActiveCfg = Debug|Any CPU
		{ADEC6E70-E1FA-4464-8180-319C7611706E}.Debug|Any CPU.Build.0 = Debug|Any CPU
		{ADEC6E70-E1FA-4464-8180-319C7611706E}.Release|Any CPU.ActiveCfg = Release|Any CPU
		{ADEC6E70-E1FA-4464-8180-319C7611706E}.Release|Any CPU.Build.0 = Release|Any CPU
	EndGlobalSection
	GlobalSection(SolutionProperties) = preSolution
		HideSolutionNode = FALSE
	EndGlobalSection
	GlobalSection(NestedProjects) = preSolution
		{62EF6FFC-17C7-4B1A-ADED-0293583793E2} = {08959DD5-D243-49A4-9266-7100D204D141}
		{14A12DA0-B91B-4321-BCC5-B605BDC3BA6C} = {62EF6FFC-17C7-4B1A-ADED-0293583793E2}
		{99CD0F22-CBAC-477D-9B19-6893862EE404} = {62EF6FFC-17C7-4B1A-ADED-0293583793E2}
		{0E18F98D-E60D-47FF-80F4-7C5385CEFC3F} = {14A12DA0-B91B-4321-BCC5-B605BDC3BA6C}
		{9428A986-FF8E-42A2-AB02-751E6280372C} = {14A12DA0-B91B-4321-BCC5-B605BDC3BA6C}
		{E1FC5961-AF63-4700-8E27-9CE70F4B094C} = {99CD0F22-CBAC-477D-9B19-6893862EE404}
		{771CB603-4A1A-4D78-AC99-6FC48CDB0AE1} = {99CD0F22-CBAC-477D-9B19-6893862EE404}
		{361F65E2-D8CA-4714-AAA9-53A4BF11FCA0} = {99CD0F22-CBAC-477D-9B19-6893862EE404}
		{4DAB0D8A-1BCA-4177-8BCD-58F261E9A2CB} = {99CD0F22-CBAC-477D-9B19-6893862EE404}
		{044D7DA1-64DC-4F1D-BF96-AB35B3A65346} = {4DAB0D8A-1BCA-4177-8BCD-58F261E9A2CB}
		{ADEC6E70-E1FA-4464-8180-319C7611706E} = {4DAB0D8A-1BCA-4177-8BCD-58F261E9A2CB}
	EndGlobalSection
EndGlobal
